
Microsoft Visual Studio Solution File, Format Version 12.00
# Visual Studio 15
VisualStudioVersion = 15.0.27004.2009
MinimumVisualStudioVersion = 10.0.40219.1
Project("{9A19103F-16F7-4668-BE54-9A1E7A4F7556}") = "SendFire.Web", "SendFire.Web\SendFire.Web.csproj", "{79EFCB1A-9E53-42AB-8F58-9F045345BEC2}"
EndProject
Project("{9A19103F-16F7-4668-BE54-9A1E7A4F7556}") = "SendFire.Common", "SendFire.Common\SendFire.Common.csproj", "{CD7501A7-F5EB-41D7-A803-A6C97B01F3A6}"
EndProject
Project("{9A19103F-16F7-4668-BE54-9A1E7A4F7556}") = "SendFire.Agent", "SendFire.Agent\SendFire.Agent.csproj", "{EB91BBA8-5834-4DDD-91F1-30F19AB44953}"
EndProject
Project("{9A19103F-16F7-4668-BE54-9A1E7A4F7556}") = "SendFire.Common.Tests", "SendFire.Common.Tests\SendFire.Common.Tests.csproj", "{66DA19CA-F948-4B7E-A71A-3AF9AD06DB88}"
EndProject
Project("{FAE04EC0-301F-11D3-BF4B-00C04F79EFBC}") = "SendFire.Service", "SendFire.Service\SendFire.Service.csproj", "{5E514C7D-70C3-447C-9D1F-12FC89F48105}"
EndProject
Global
	GlobalSection(SolutionConfigurationPlatforms) = preSolution
		Debug|Any CPU = Debug|Any CPU
		Release|Any CPU = Release|Any CPU
	EndGlobalSection
	GlobalSection(ProjectConfigurationPlatforms) = postSolution
		{79EFCB1A-9E53-42AB-8F58-9F045345BEC2}.Debug|Any CPU.ActiveCfg = Debug|Any CPU
		{79EFCB1A-9E53-42AB-8F58-9F045345BEC2}.Debug|Any CPU.Build.0 = Debug|Any CPU
		{79EFCB1A-9E53-42AB-8F58-9F045345BEC2}.Release|Any CPU.ActiveCfg = Release|Any CPU
		{79EFCB1A-9E53-42AB-8F58-9F045345BEC2}.Release|Any CPU.Build.0 = Release|Any CPU
		{CD7501A7-F5EB-41D7-A803-A6C97B01F3A6}.Debug|Any CPU.ActiveCfg = Debug|Any CPU
		{CD7501A7-F5EB-41D7-A803-A6C97B01F3A6}.Debug|Any CPU.Build.0 = Debug|Any CPU
		{CD7501A7-F5EB-41D7-A803-A6C97B01F3A6}.Release|Any CPU.ActiveCfg = Release|Any CPU
		{CD7501A7-F5EB-41D7-A803-A6C97B01F3A6}.Release|Any CPU.Build.0 = Release|Any CPU
		{EB91BBA8-5834-4DDD-91F1-30F19AB44953}.Debug|Any CPU.ActiveCfg = Debug|Any CPU
		{EB91BBA8-5834-4DDD-91F1-30F19AB44953}.Debug|Any CPU.Build.0 = Debug|Any CPU
		{EB91BBA8-5834-4DDD-91F1-30F19AB44953}.Release|Any CPU.ActiveCfg = Release|Any CPU
		{EB91BBA8-5834-4DDD-91F1-30F19AB44953}.Release|Any CPU.Build.0 = Release|Any CPU
		{66DA19CA-F948-4B7E-A71A-3AF9AD06DB88}.Debug|Any CPU.ActiveCfg = Debug|Any CPU
		{66DA19CA-F948-4B7E-A71A-3AF9AD06DB88}.Debug|Any CPU.Build.0 = Debug|Any CPU
		{66DA19CA-F948-4B7E-A71A-3AF9AD06DB88}.Release|Any CPU.ActiveCfg = Release|Any CPU
		{66DA19CA-F948-4B7E-A71A-3AF9AD06DB88}.Release|Any CPU.Build.0 = Release|Any CPU
		{5E514C7D-70C3-447C-9D1F-12FC89F48105}.Debug|Any CPU.ActiveCfg = Debug|Any CPU
		{5E514C7D-70C3-447C-9D1F-12FC89F48105}.Debug|Any CPU.Build.0 = Debug|Any CPU
		{5E514C7D-70C3-447C-9D1F-12FC89F48105}.Release|Any CPU.ActiveCfg = Release|Any CPU
		{5E514C7D-70C3-447C-9D1F-12FC89F48105}.Release|Any CPU.Build.0 = Release|Any CPU
	EndGlobalSection
	GlobalSection(SolutionProperties) = preSolution
		HideSolutionNode = FALSE
	EndGlobalSection
	GlobalSection(ExtensibilityGlobals) = postSolution
		SolutionGuid = {F62A079A-0756-4837-9146-9A8312861DE8}
	EndGlobalSection
EndGlobal
